
Microsoft Visual Studio Solution File, Format Version 12.00
# Visual Studio Version 17
VisualStudioVersion = 17.11.35303.130
MinimumVisualStudioVersion = 10.0.40219.1
Project("{FAE04EC0-301F-11D3-BF4B-00C04F79EFBC}") = "JoyKrisnoRayWebSite", "JoyKrisnoRayWebSite\JoyKrisnoRayWebSite.csproj", "{B3837D1B-2A66-4900-AF6E-528C9C9459C0}"
EndProject
Global
	GlobalSection(SolutionConfigurationPlatforms) = preSolution
		Debug|Any CPU = Debug|Any CPU
		Release|Any CPU = Release|Any CPU
	EndGlobalSection
	GlobalSection(ProjectConfigurationPlatforms) = postSolution
		{B3837D1B-2A66-4900-AF6E-528C9C9459C0}.Debug|Any CPU.ActiveCfg = Debug|Any CPU
		{B3837D1B-2A66-4900-AF6E-528C9C9459C0}.Debug|Any CPU.Build.0 = Debug|Any CPU
		{B3837D1B-2A66-4900-AF6E-528C9C9459C0}.Release|Any CPU.ActiveCfg = Release|Any CPU
		{B3837D1B-2A66-4900-AF6E-528C9C9459C0}.Release|Any CPU.Build.0 = Release|Any CPU
	EndGlobalSection
	GlobalSection(SolutionProperties) = preSolution
		HideSolutionNode = FALSE
	EndGlobalSection
	GlobalSection(ExtensibilityGlobals) = postSolution
		SolutionGuid = {DEDD3204-0034-4DFF-A6CC-58BA7AEFC6FC}
	EndGlobalSection
EndGlobal
